
Microsoft Visual Studio Solution File, Format Version 12.00
# Visual Studio Version 17
VisualStudioVersion = 17.1.32228.430
MinimumVisualStudioVersion = 10.0.40219.1
Project("{FAE04EC0-301F-11D3-BF4B-00C04F79EFBC}") = "01. RecursiveArraySum", "01. RecursiveArraySum.csproj", "{E20A506A-E384-4D19-9B8A-3069CE5663A7}"
EndProject
Project("{FAE04EC0-301F-11D3-BF4B-00C04F79EFBC}") = "02. RecursiveDrawing", "..\02. RecursiveDrawing\02. RecursiveDrawing.csproj", "{BDEABF2E-A132-4091-808A-C40197606D85}"
EndProject
Project("{FAE04EC0-301F-11D3-BF4B-00C04F79EFBC}") = "03. GeneratingVectors", "..\03. GeneratingVectors\03. GeneratingVectors.csproj", "{62F164C1-E158-48C3-B29E-D702C37E5129}"
EndProject
Project("{FAE04EC0-301F-11D3-BF4B-00C04F79EFBC}") = "04. RecursiveFactorial", "..\04. RecursiveFactorial\04. RecursiveFactorial.csproj", "{0B69F665-7EA8-4EFC-B995-76A6D44D7C43}"
EndProject
Project("{FAE04EC0-301F-11D3-BF4B-00C04F79EFBC}") = "05. PathsInLabyrinth", "..\05. PathsInLabyrinth\05. PathsInLabyrinth.csproj", "{CE5B59EE-85FD-42F1-B8F9-4FE0DD9B6952}"
EndProject
Global
	GlobalSection(SolutionConfigurationPlatforms) = preSolution
		Debug|Any CPU = Debug|Any CPU
		Release|Any CPU = Release|Any CPU
	EndGlobalSection
	GlobalSection(ProjectConfigurationPlatforms) = postSolution
		{E20A506A-E384-4D19-9B8A-3069CE5663A7}.Debug|Any CPU.ActiveCfg = Debug|Any CPU
		{E20A506A-E384-4D19-9B8A-3069CE5663A7}.Debug|Any CPU.Build.0 = Debug|Any CPU
		{E20A506A-E384-4D19-9B8A-3069CE5663A7}.Release|Any CPU.ActiveCfg = Release|Any CPU
		{E20A506A-E384-4D19-9B8A-3069CE5663A7}.Release|Any CPU.Build.0 = Release|Any CPU
		{BDEABF2E-A132-4091-808A-C40197606D85}.Debug|Any CPU.ActiveCfg = Debug|Any CPU
		{BDEABF2E-A132-4091-808A-C40197606D85}.Debug|Any CPU.Build.0 = Debug|Any CPU
		{BDEABF2E-A132-4091-808A-C40197606D85}.Release|Any CPU.ActiveCfg = Release|Any CPU
		{BDEABF2E-A132-4091-808A-C40197606D85}.Release|Any CPU.Build.0 = Release|Any CPU
		{62F164C1-E158-48C3-B29E-D702C37E5129}.Debug|Any CPU.ActiveCfg = Debug|Any CPU
		{62F164C1-E158-48C3-B29E-D702C37E5129}.Debug|Any CPU.Build.0 = Debug|Any CPU
		{62F164C1-E158-48C3-B29E-D702C37E5129}.Release|Any CPU.ActiveCfg = Release|Any CPU
		{62F164C1-E158-48C3-B29E-D702C37E5129}.Release|Any CPU.Build.0 = Release|Any CPU
		{0B69F665-7EA8-4EFC-B995-76A6D44D7C43}.Debug|Any CPU.ActiveCfg = Debug|Any CPU
		{0B69F665-7EA8-4EFC-B995-76A6D44D7C43}.Debug|Any CPU.Build.0 = Debug|Any CPU
		{0B69F665-7EA8-4EFC-B995-76A6D44D7C43}.Release|Any CPU.ActiveCfg = Release|Any CPU
		{0B69F665-7EA8-4EFC-B995-76A6D44D7C43}.Release|Any CPU.Build.0 = Release|Any CPU
		{CE5B59EE-85FD-42F1-B8F9-4FE0DD9B6952}.Debug|Any CPU.ActiveCfg = Debug|Any CPU
		{CE5B59EE-85FD-42F1-B8F9-4FE0DD9B6952}.Debug|Any CPU.Build.0 = Debug|Any CPU
		{CE5B59EE-85FD-42F1-B8F9-4FE0DD9B6952}.Release|Any CPU.ActiveCfg = Release|Any CPU
		{CE5B59EE-85FD-42F1-B8F9-4FE0DD9B6952}.Release|Any CPU.Build.0 = Release|Any CPU
	EndGlobalSection
	GlobalSection(SolutionProperties) = preSolution
		HideSolutionNode = FALSE
	EndGlobalSection
	GlobalSection(ExtensibilityGlobals) = postSolution
		SolutionGuid = {1A8B298E-610C-49CD-B522-954947FFDB3E}
	EndGlobalSection
EndGlobal
