
Microsoft Visual Studio Solution File, Format Version 12.00
# Visual Studio Version 17
VisualStudioVersion = 17.1.32228.430
MinimumVisualStudioVersion = 10.0.40219.1
Project("{FAE04EC0-301F-11D3-BF4B-00C04F79EFBC}") = "01. PermutationsWithoutRepetition", "01. PermutationsWithoutRepetition.csproj", "{D762F1E7-3272-414D-92E9-FF8ED924916B}"
EndProject
Project("{FAE04EC0-301F-11D3-BF4B-00C04F79EFBC}") = "02. PermutationsWithRepetition", "..\02. PermutationsWithRepetition\02. PermutationsWithRepetition.csproj", "{629934F7-A2CB-49A6-8E85-438D6DC3E911}"
EndProject
Project("{FAE04EC0-301F-11D3-BF4B-00C04F79EFBC}") = "03. Variations without Repetition", "..\03. Variations without Repetition\03. Variations without Repetition.csproj", "{3112AAA3-3582-4E13-969D-13B4C82E4D16}"
EndProject
Project("{FAE04EC0-301F-11D3-BF4B-00C04F79EFBC}") = "04. VariationsWithRepetition", "..\04. VariationsWithRepetition\04. VariationsWithRepetition.csproj", "{C49381CA-127A-4224-8C76-1F750FB1B607}"
EndProject
Project("{FAE04EC0-301F-11D3-BF4B-00C04F79EFBC}") = "05. CombinationsWithoutRepetition", "..\05. CombinationsWithoutRepetition\05. CombinationsWithoutRepetition.csproj", "{A0FEDB48-CFB0-47AF-ADBB-12FC96DA6349}"
EndProject
Project("{FAE04EC0-301F-11D3-BF4B-00C04F79EFBC}") = "06. CombinationsWithRepetition", "..\06. CombinationsWithRepetition\06. CombinationsWithRepetition.csproj", "{544173D9-E5C9-49B0-9310-FF107DE890FD}"
EndProject
Project("{FAE04EC0-301F-11D3-BF4B-00C04F79EFBC}") = "07. NChooseKCount", "..\07. NChooseKCount\07. NChooseKCount.csproj", "{6F223529-D70E-418E-860A-45FA451BB0A6}"
EndProject
Global
	GlobalSection(SolutionConfigurationPlatforms) = preSolution
		Debug|Any CPU = Debug|Any CPU
		Release|Any CPU = Release|Any CPU
	EndGlobalSection
	GlobalSection(ProjectConfigurationPlatforms) = postSolution
		{D762F1E7-3272-414D-92E9-FF8ED924916B}.Debug|Any CPU.ActiveCfg = Debug|Any CPU
		{D762F1E7-3272-414D-92E9-FF8ED924916B}.Debug|Any CPU.Build.0 = Debug|Any CPU
		{D762F1E7-3272-414D-92E9-FF8ED924916B}.Release|Any CPU.ActiveCfg = Release|Any CPU
		{D762F1E7-3272-414D-92E9-FF8ED924916B}.Release|Any CPU.Build.0 = Release|Any CPU
		{629934F7-A2CB-49A6-8E85-438D6DC3E911}.Debug|Any CPU.ActiveCfg = Debug|Any CPU
		{629934F7-A2CB-49A6-8E85-438D6DC3E911}.Debug|Any CPU.Build.0 = Debug|Any CPU
		{629934F7-A2CB-49A6-8E85-438D6DC3E911}.Release|Any CPU.ActiveCfg = Release|Any CPU
		{629934F7-A2CB-49A6-8E85-438D6DC3E911}.Release|Any CPU.Build.0 = Release|Any CPU
		{3112AAA3-3582-4E13-969D-13B4C82E4D16}.Debug|Any CPU.ActiveCfg = Debug|Any CPU
		{3112AAA3-3582-4E13-969D-13B4C82E4D16}.Debug|Any CPU.Build.0 = Debug|Any CPU
		{3112AAA3-3582-4E13-969D-13B4C82E4D16}.Release|Any CPU.ActiveCfg = Release|Any CPU
		{3112AAA3-3582-4E13-969D-13B4C82E4D16}.Release|Any CPU.Build.0 = Release|Any CPU
		{C49381CA-127A-4224-8C76-1F750FB1B607}.Debug|Any CPU.ActiveCfg = Debug|Any CPU
		{C49381CA-127A-4224-8C76-1F750FB1B607}.Debug|Any CPU.Build.0 = Debug|Any CPU
		{C49381CA-127A-4224-8C76-1F750FB1B607}.Release|Any CPU.ActiveCfg = Release|Any CPU
		{C49381CA-127A-4224-8C76-1F750FB1B607}.Release|Any CPU.Build.0 = Release|Any CPU
		{A0FEDB48-CFB0-47AF-ADBB-12FC96DA6349}.Debug|Any CPU.ActiveCfg = Debug|Any CPU
		{A0FEDB48-CFB0-47AF-ADBB-12FC96DA6349}.Debug|Any CPU.Build.0 = Debug|Any CPU
		{A0FEDB48-CFB0-47AF-ADBB-12FC96DA6349}.Release|Any CPU.ActiveCfg = Release|Any CPU
		{A0FEDB48-CFB0-47AF-ADBB-12FC96DA6349}.Release|Any CPU.Build.0 = Release|Any CPU
		{544173D9-E5C9-49B0-9310-FF107DE890FD}.Debug|Any CPU.ActiveCfg = Debug|Any CPU
		{544173D9-E5C9-49B0-9310-FF107DE890FD}.Debug|Any CPU.Build.0 = Debug|Any CPU
		{544173D9-E5C9-49B0-9310-FF107DE890FD}.Release|Any CPU.ActiveCfg = Release|Any CPU
		{544173D9-E5C9-49B0-9310-FF107DE890FD}.Release|Any CPU.Build.0 = Release|Any CPU
		{6F223529-D70E-418E-860A-45FA451BB0A6}.Debug|Any CPU.ActiveCfg = Debug|Any CPU
		{6F223529-D70E-418E-860A-45FA451BB0A6}.Debug|Any CPU.Build.0 = Debug|Any CPU
		{6F223529-D70E-418E-860A-45FA451BB0A6}.Release|Any CPU.ActiveCfg = Release|Any CPU
		{6F223529-D70E-418E-860A-45FA451BB0A6}.Release|Any CPU.Build.0 = Release|Any CPU
	EndGlobalSection
	GlobalSection(SolutionProperties) = preSolution
		HideSolutionNode = FALSE
	EndGlobalSection
	GlobalSection(ExtensibilityGlobals) = postSolution
		SolutionGuid = {3E91579E-2992-4727-B82A-CA1820084627}
	EndGlobalSection
EndGlobal
